// !$*UTF8*$!
{
	archiveVersion = 1;
	classes = {
	};
	objectVersion = 46;
	objects = {

/* Begin PBXBuildFile section */
		081B2EE71DACEB3F00257BDE /* AppDelegate.swift in Sources */ = {isa = PBXBuildFile; fileRef = 081B2EE61DACEB3F00257BDE /* AppDelegate.swift */; };
		081B2EEC1DACEB3F00257BDE /* Main.storyboard in Resources */ = {isa = PBXBuildFile; fileRef = 081B2EEA1DACEB3F00257BDE /* Main.storyboard */; };
		081B2EEE1DACEB3F00257BDE /* Assets.xcassets in Resources */ = {isa = PBXBuildFile; fileRef = 081B2EED1DACEB3F00257BDE /* Assets.xcassets */; };
		081B2EF11DACEB3F00257BDE /* LaunchScreen.storyboard in Resources */ = {isa = PBXBuildFile; fileRef = 081B2EEF1DACEB3F00257BDE /* LaunchScreen.storyboard */; };
		081B2EFC1DACEB3F00257BDE /* Darwin_iosTests.swift in Sources */ = {isa = PBXBuildFile; fileRef = 081B2EFB1DACEB3F00257BDE /* Darwin_iosTests.swift */; };
		081B2F071DACEB3F00257BDE /* Darwin_iosUITests.swift in Sources */ = {isa = PBXBuildFile; fileRef = 081B2F061DACEB3F00257BDE /* Darwin_iosUITests.swift */; };
		081B2F1F1DACF6B600257BDE /* HomeContainerViewController.swift in Sources */ = {isa = PBXBuildFile; fileRef = 081B2F1E1DACF6B600257BDE /* HomeContainerViewController.swift */; };
		081B2F211DACFACA00257BDE /* CategoryBarViewController.swift in Sources */ = {isa = PBXBuildFile; fileRef = 081B2F201DACFACA00257BDE /* CategoryBarViewController.swift */; };
		081B2F231DACFB9D00257BDE /* CategoryBarDataSource.swift in Sources */ = {isa = PBXBuildFile; fileRef = 081B2F221DACFB9D00257BDE /* CategoryBarDataSource.swift */; };
		081B2F271DACFDE100257BDE /* TestData.swift in Sources */ = {isa = PBXBuildFile; fileRef = 081B2F261DACFDE100257BDE /* TestData.swift */; };
		081B2F291DACFEC800257BDE /* CategoryBarCell.swift in Sources */ = {isa = PBXBuildFile; fileRef = 081B2F281DACFEC800257BDE /* CategoryBarCell.swift */; };
		081B2F2B1DADA5AF00257BDE /* HomeContentViewController.swift in Sources */ = {isa = PBXBuildFile; fileRef = 081B2F2A1DADA5AF00257BDE /* HomeContentViewController.swift */; };
		081B2F2E1DADA73400257BDE /* HomeContentDataSource.swift in Sources */ = {isa = PBXBuildFile; fileRef = 081B2F2D1DADA73400257BDE /* HomeContentDataSource.swift */; };
		081B2F311DADA8F700257BDE /* HomeContentCell.swift in Sources */ = {isa = PBXBuildFile; fileRef = 081B2F2F1DADA8F700257BDE /* HomeContentCell.swift */; };
		081B2F321DADA8F700257BDE /* HomeContentCell.xib in Resources */ = {isa = PBXBuildFile; fileRef = 081B2F301DADA8F700257BDE /* HomeContentCell.xib */; };
		0836DA871DD1487F00CAE82F /* ImageCollectionCell.swift in Sources */ = {isa = PBXBuildFile; fileRef = 0836DA851DD1487F00CAE82F /* ImageCollectionCell.swift */; };
		0836DA881DD1487F00CAE82F /* ImageCollectionCell.xib in Resources */ = {isa = PBXBuildFile; fileRef = 0836DA861DD1487F00CAE82F /* ImageCollectionCell.xib */; };
		0836DA8A1DD1495700CAE82F /* DetailTableViewCell.swift in Sources */ = {isa = PBXBuildFile; fileRef = 0836DA891DD1495700CAE82F /* DetailTableViewCell.swift */; };
		0836DA8C1DD149F000CAE82F /* ImageCollectionDataSource.swift in Sources */ = {isa = PBXBuildFile; fileRef = 0836DA8B1DD149F000CAE82F /* ImageCollectionDataSource.swift */; };
		083F41741DC0AE660026165C /* ViewIdentifiers.swift in Sources */ = {isa = PBXBuildFile; fileRef = 083F41731DC0AE660026165C /* ViewIdentifiers.swift */; };
		083F41771DC16DFD0026165C /* ViewAttributes.swift in Sources */ = {isa = PBXBuildFile; fileRef = 083F41761DC16DFD0026165C /* ViewAttributes.swift */; };
		0840B1E21DAF9480007FC49A /* HomeContentPageViewController.swift in Sources */ = {isa = PBXBuildFile; fileRef = 0840B1E11DAF9480007FC49A /* HomeContentPageViewController.swift */; };
		0840B1E41DAF9508007FC49A /* ContentPageViewDataSource.swift in Sources */ = {isa = PBXBuildFile; fileRef = 0840B1E31DAF9508007FC49A /* ContentPageViewDataSource.swift */; };
		0840B1E61DB09267007FC49A /* RestaurantDetailContainerViewController.swift in Sources */ = {isa = PBXBuildFile; fileRef = 0840B1E51DB09267007FC49A /* RestaurantDetailContainerViewController.swift */; };
		0840B1E81DB1E50C007FC49A /* HirobaViewController.swift in Sources */ = {isa = PBXBuildFile; fileRef = 0840B1E71DB1E50C007FC49A /* HirobaViewController.swift */; };
		0840B1EA1DB1E676007FC49A /* HirobaDataSource.swift in Sources */ = {isa = PBXBuildFile; fileRef = 0840B1E91DB1E676007FC49A /* HirobaDataSource.swift */; };
		0840B1ED1DB1E7E3007FC49A /* HirobaImageCell.swift in Sources */ = {isa = PBXBuildFile; fileRef = 0840B1EB1DB1E7E3007FC49A /* HirobaImageCell.swift */; };
		0840B1EE1DB1E7E3007FC49A /* HirobaImageCell.xib in Resources */ = {isa = PBXBuildFile; fileRef = 0840B1EC1DB1E7E3007FC49A /* HirobaImageCell.xib */; };
		08509FAD1DCF6FCC008568AA /* ResDetailLayout.swift in Sources */ = {isa = PBXBuildFile; fileRef = 08509FAC1DCF6FCC008568AA /* ResDetailLayout.swift */; };
		08509FB11DD08510008568AA /* RestaurantDetailCategoryCollectionDataSource.swift in Sources */ = {isa = PBXBuildFile; fileRef = 08509FB01DD08510008568AA /* RestaurantDetailCategoryCollectionDataSource.swift */; };
		08509FB71DD08A66008568AA /* LabelOnlyCell.swift in Sources */ = {isa = PBXBuildFile; fileRef = 08509FB51DD08A66008568AA /* LabelOnlyCell.swift */; };
		08509FB81DD08A66008568AA /* LabelOnlyCell.xib in Resources */ = {isa = PBXBuildFile; fileRef = 08509FB61DD08A66008568AA /* LabelOnlyCell.xib */; };
		08509FBA1DD0981D008568AA /* DetailBottomBarViewController.swift in Sources */ = {isa = PBXBuildFile; fileRef = 08509FB91DD0981D008568AA /* DetailBottomBarViewController.swift */; };
		085FB05F1DB4E81A00A40B85 /* HirobaContainerViewController.swift in Sources */ = {isa = PBXBuildFile; fileRef = 085FB05E1DB4E81A00A40B85 /* HirobaContainerViewController.swift */; };
		085FB0621DB5941D00A40B85 /* TimeLineViewCell.swift in Sources */ = {isa = PBXBuildFile; fileRef = 085FB0601DB5941D00A40B85 /* TimeLineViewCell.swift */; };
		085FB0631DB5941D00A40B85 /* TimeLineViewCell.xib in Resources */ = {isa = PBXBuildFile; fileRef = 085FB0611DB5941D00A40B85 /* TimeLineViewCell.xib */; };
		085FB0651DB65C9200A40B85 /* TimeLineViewController.swift in Sources */ = {isa = PBXBuildFile; fileRef = 085FB0641DB65C9200A40B85 /* TimeLineViewController.swift */; };
		085FB0671DB65D1B00A40B85 /* TimeLineDataSource.swift in Sources */ = {isa = PBXBuildFile; fileRef = 085FB0661DB65D1B00A40B85 /* TimeLineDataSource.swift */; };
		085FB0691DB7817F00A40B85 /* TimeLineDetailViewController.swift in Sources */ = {isa = PBXBuildFile; fileRef = 085FB0681DB7817F00A40B85 /* TimeLineDetailViewController.swift */; };
		085FB06B1DB7820100A40B85 /* TimeLineDetailDataSource.swift in Sources */ = {isa = PBXBuildFile; fileRef = 085FB06A1DB7820100A40B85 /* TimeLineDetailDataSource.swift */; };
		085FB06E1DB7830000A40B85 /* TimeLineCommentCell.swift in Sources */ = {isa = PBXBuildFile; fileRef = 085FB06C1DB7830000A40B85 /* TimeLineCommentCell.swift */; };
		085FB06F1DB7830000A40B85 /* TimeLineCommentCell.xib in Resources */ = {isa = PBXBuildFile; fileRef = 085FB06D1DB7830000A40B85 /* TimeLineCommentCell.xib */; };
		085FB0721DB78C1700A40B85 /* CategorySelectedProtocol.swift in Sources */ = {isa = PBXBuildFile; fileRef = 085FB0711DB78C1700A40B85 /* CategorySelectedProtocol.swift */; };
		0864CE811DC95ED10087A69E /* RestaurantDetailTopImageCell.swift in Sources */ = {isa = PBXBuildFile; fileRef = 0864CE7F1DC95ED10087A69E /* RestaurantDetailTopImageCell.swift */; };
		0864CE821DC95ED10087A69E /* RestaurantDetailTopImageCell.xib in Resources */ = {isa = PBXBuildFile; fileRef = 0864CE801DC95ED10087A69E /* RestaurantDetailTopImageCell.xib */; };
		0864CE851DC9C2550087A69E /* RestaurantDetailCell.swift in Sources */ = {isa = PBXBuildFile; fileRef = 0864CE831DC9C2550087A69E /* RestaurantDetailCell.swift */; };
		0864CE861DC9C2550087A69E /* RestaurantDetailCell.xib in Resources */ = {isa = PBXBuildFile; fileRef = 0864CE841DC9C2550087A69E /* RestaurantDetailCell.xib */; };
		0864CE881DC9FB690087A69E /* RestaurantDetailCategoryBarViewController.swift in Sources */ = {isa = PBXBuildFile; fileRef = 0864CE871DC9FB690087A69E /* RestaurantDetailCategoryBarViewController.swift */; };
		0864CE8A1DC9FBD10087A69E /* RestaurantDetailPageViewController.swift in Sources */ = {isa = PBXBuildFile; fileRef = 0864CE891DC9FBD10087A69E /* RestaurantDetailPageViewController.swift */; };
		0864CE8C1DC9FC190087A69E /* RestaurantDetailContentViewController.swift in Sources */ = {isa = PBXBuildFile; fileRef = 0864CE8B1DC9FC190087A69E /* RestaurantDetailContentViewController.swift */; };
		087684C71DB985660084400D /* PageContentSettings.swift in Sources */ = {isa = PBXBuildFile; fileRef = 087684C61DB985660084400D /* PageContentSettings.swift */; };
		08B69FE81DB2021500BECF77 /* HirobaLayout.swift in Sources */ = {isa = PBXBuildFile; fileRef = 08B69FE71DB2021500BECF77 /* HirobaLayout.swift */; };
		08FE39161DC9FF3C0026C01D /* RestaurantDetailPageDataSource.swift in Sources */ = {isa = PBXBuildFile; fileRef = 08FE39151DC9FF3C0026C01D /* RestaurantDetailPageDataSource.swift */; };
		08FE39181DCA040F0026C01D /* RestaurantDetailTableViewDataSource.swift in Sources */ = {isa = PBXBuildFile; fileRef = 08FE39171DCA040F0026C01D /* RestaurantDetailTableViewDataSource.swift */; };
/* End PBXBuildFile section */

/* Begin PBXContainerItemProxy section */
		081B2EF81DACEB3F00257BDE /* PBXContainerItemProxy */ = {
			isa = PBXContainerItemProxy;
			containerPortal = 081B2EDB1DACEB3F00257BDE /* Project object */;
			proxyType = 1;
			remoteGlobalIDString = 081B2EE21DACEB3F00257BDE;
			remoteInfo = Darwin_ios;
		};
		081B2F031DACEB3F00257BDE /* PBXContainerItemProxy */ = {
			isa = PBXContainerItemProxy;
			containerPortal = 081B2EDB1DACEB3F00257BDE /* Project object */;
			proxyType = 1;
			remoteGlobalIDString = 081B2EE21DACEB3F00257BDE;
			remoteInfo = Darwin_ios;
		};
/* End PBXContainerItemProxy section */

/* Begin PBXFileReference section */
		081B2EE31DACEB3F00257BDE /* Darwin_ios.app */ = {isa = PBXFileReference; explicitFileType = wrapper.application; includeInIndex = 0; path = Darwin_ios.app; sourceTree = BUILT_PRODUCTS_DIR; };
		081B2EE61DACEB3F00257BDE /* AppDelegate.swift */ = {isa = PBXFileReference; lastKnownFileType = sourcecode.swift; path = AppDelegate.swift; sourceTree = "<group>"; };
		081B2EEB1DACEB3F00257BDE /* Base */ = {isa = PBXFileReference; lastKnownFileType = file.storyboard; name = Base; path = Base.lproj/Main.storyboard; sourceTree = "<group>"; };
		081B2EED1DACEB3F00257BDE /* Assets.xcassets */ = {isa = PBXFileReference; lastKnownFileType = folder.assetcatalog; path = Assets.xcassets; sourceTree = "<group>"; };
		081B2EF01DACEB3F00257BDE /* Base */ = {isa = PBXFileReference; lastKnownFileType = file.storyboard; name = Base; path = Base.lproj/LaunchScreen.storyboard; sourceTree = "<group>"; };
		081B2EF21DACEB3F00257BDE /* Info.plist */ = {isa = PBXFileReference; lastKnownFileType = text.plist.xml; path = Info.plist; sourceTree = "<group>"; };
		081B2EF71DACEB3F00257BDE /* Darwin_iosTests.xctest */ = {isa = PBXFileReference; explicitFileType = wrapper.cfbundle; includeInIndex = 0; path = Darwin_iosTests.xctest; sourceTree = BUILT_PRODUCTS_DIR; };
		081B2EFB1DACEB3F00257BDE /* Darwin_iosTests.swift */ = {isa = PBXFileReference; lastKnownFileType = sourcecode.swift; path = Darwin_iosTests.swift; sourceTree = "<group>"; };
		081B2EFD1DACEB3F00257BDE /* Info.plist */ = {isa = PBXFileReference; lastKnownFileType = text.plist.xml; path = Info.plist; sourceTree = "<group>"; };
		081B2F021DACEB3F00257BDE /* Darwin_iosUITests.xctest */ = {isa = PBXFileReference; explicitFileType = wrapper.cfbundle; includeInIndex = 0; path = Darwin_iosUITests.xctest; sourceTree = BUILT_PRODUCTS_DIR; };
		081B2F061DACEB3F00257BDE /* Darwin_iosUITests.swift */ = {isa = PBXFileReference; lastKnownFileType = sourcecode.swift; path = Darwin_iosUITests.swift; sourceTree = "<group>"; };
		081B2F081DACEB3F00257BDE /* Info.plist */ = {isa = PBXFileReference; lastKnownFileType = text.plist.xml; path = Info.plist; sourceTree = "<group>"; };
		081B2F1E1DACF6B600257BDE /* HomeContainerViewController.swift */ = {isa = PBXFileReference; fileEncoding = 4; lastKnownFileType = sourcecode.swift; path = HomeContainerViewController.swift; sourceTree = "<group>"; };
		081B2F201DACFACA00257BDE /* CategoryBarViewController.swift */ = {isa = PBXFileReference; fileEncoding = 4; lastKnownFileType = sourcecode.swift; path = CategoryBarViewController.swift; sourceTree = "<group>"; };
		081B2F221DACFB9D00257BDE /* CategoryBarDataSource.swift */ = {isa = PBXFileReference; fileEncoding = 4; lastKnownFileType = sourcecode.swift; path = CategoryBarDataSource.swift; sourceTree = "<group>"; };
		081B2F261DACFDE100257BDE /* TestData.swift */ = {isa = PBXFileReference; fileEncoding = 4; lastKnownFileType = sourcecode.swift; path = TestData.swift; sourceTree = "<group>"; };
		081B2F281DACFEC800257BDE /* CategoryBarCell.swift */ = {isa = PBXFileReference; fileEncoding = 4; lastKnownFileType = sourcecode.swift; path = CategoryBarCell.swift; sourceTree = "<group>"; };
		081B2F2A1DADA5AF00257BDE /* HomeContentViewController.swift */ = {isa = PBXFileReference; fileEncoding = 4; lastKnownFileType = sourcecode.swift; path = HomeContentViewController.swift; sourceTree = "<group>"; };
		081B2F2D1DADA73400257BDE /* HomeContentDataSource.swift */ = {isa = PBXFileReference; fileEncoding = 4; lastKnownFileType = sourcecode.swift; path = HomeContentDataSource.swift; sourceTree = "<group>"; };
		081B2F2F1DADA8F700257BDE /* HomeContentCell.swift */ = {isa = PBXFileReference; fileEncoding = 4; lastKnownFileType = sourcecode.swift; path = HomeContentCell.swift; sourceTree = "<group>"; };
		081B2F301DADA8F700257BDE /* HomeContentCell.xib */ = {isa = PBXFileReference; fileEncoding = 4; lastKnownFileType = file.xib; path = HomeContentCell.xib; sourceTree = "<group>"; };
		0836DA851DD1487F00CAE82F /* ImageCollectionCell.swift */ = {isa = PBXFileReference; fileEncoding = 4; lastKnownFileType = sourcecode.swift; path = ImageCollectionCell.swift; sourceTree = "<group>"; };
		0836DA861DD1487F00CAE82F /* ImageCollectionCell.xib */ = {isa = PBXFileReference; fileEncoding = 4; lastKnownFileType = file.xib; path = ImageCollectionCell.xib; sourceTree = "<group>"; };
		0836DA891DD1495700CAE82F /* DetailTableViewCell.swift */ = {isa = PBXFileReference; fileEncoding = 4; lastKnownFileType = sourcecode.swift; path = DetailTableViewCell.swift; sourceTree = "<group>"; };
		0836DA8B1DD149F000CAE82F /* ImageCollectionDataSource.swift */ = {isa = PBXFileReference; fileEncoding = 4; lastKnownFileType = sourcecode.swift; path = ImageCollectionDataSource.swift; sourceTree = "<group>"; };
		083F41731DC0AE660026165C /* ViewIdentifiers.swift */ = {isa = PBXFileReference; fileEncoding = 4; lastKnownFileType = sourcecode.swift; path = ViewIdentifiers.swift; sourceTree = "<group>"; };
		083F41761DC16DFD0026165C /* ViewAttributes.swift */ = {isa = PBXFileReference; fileEncoding = 4; lastKnownFileType = sourcecode.swift; path = ViewAttributes.swift; sourceTree = "<group>"; };
		0840B1E11DAF9480007FC49A /* HomeContentPageViewController.swift */ = {isa = PBXFileReference; fileEncoding = 4; lastKnownFileType = sourcecode.swift; path = HomeContentPageViewController.swift; sourceTree = "<group>"; };
		0840B1E31DAF9508007FC49A /* ContentPageViewDataSource.swift */ = {isa = PBXFileReference; fileEncoding = 4; lastKnownFileType = sourcecode.swift; path = ContentPageViewDataSource.swift; sourceTree = "<group>"; };
		0840B1E51DB09267007FC49A /* RestaurantDetailContainerViewController.swift */ = {isa = PBXFileReference; fileEncoding = 4; lastKnownFileType = sourcecode.swift; path = RestaurantDetailContainerViewController.swift; sourceTree = "<group>"; };
		0840B1E71DB1E50C007FC49A /* HirobaViewController.swift */ = {isa = PBXFileReference; fileEncoding = 4; lastKnownFileType = sourcecode.swift; path = HirobaViewController.swift; sourceTree = "<group>"; };
		0840B1E91DB1E676007FC49A /* HirobaDataSource.swift */ = {isa = PBXFileReference; fileEncoding = 4; lastKnownFileType = sourcecode.swift; path = HirobaDataSource.swift; sourceTree = "<group>"; };
		0840B1EB1DB1E7E3007FC49A /* HirobaImageCell.swift */ = {isa = PBXFileReference; fileEncoding = 4; lastKnownFileType = sourcecode.swift; path = HirobaImageCell.swift; sourceTree = "<group>"; };
		0840B1EC1DB1E7E3007FC49A /* HirobaImageCell.xib */ = {isa = PBXFileReference; fileEncoding = 4; lastKnownFileType = file.xib; path = HirobaImageCell.xib; sourceTree = "<group>"; };
		08509FAC1DCF6FCC008568AA /* ResDetailLayout.swift */ = {isa = PBXFileReference; fileEncoding = 4; lastKnownFileType = sourcecode.swift; path = ResDetailLayout.swift; sourceTree = "<group>"; };
		08509FB01DD08510008568AA /* RestaurantDetailCategoryCollectionDataSource.swift */ = {isa = PBXFileReference; fileEncoding = 4; lastKnownFileType = sourcecode.swift; path = RestaurantDetailCategoryCollectionDataSource.swift; sourceTree = "<group>"; };
		08509FB51DD08A66008568AA /* LabelOnlyCell.swift */ = {isa = PBXFileReference; fileEncoding = 4; lastKnownFileType = sourcecode.swift; path = LabelOnlyCell.swift; sourceTree = "<group>"; };
		08509FB61DD08A66008568AA /* LabelOnlyCell.xib */ = {isa = PBXFileReference; fileEncoding = 4; lastKnownFileType = file.xib; path = LabelOnlyCell.xib; sourceTree = "<group>"; };
		08509FB91DD0981D008568AA /* DetailBottomBarViewController.swift */ = {isa = PBXFileReference; fileEncoding = 4; lastKnownFileType = sourcecode.swift; path = DetailBottomBarViewController.swift; sourceTree = "<group>"; };
		085FB05E1DB4E81A00A40B85 /* HirobaContainerViewController.swift */ = {isa = PBXFileReference; fileEncoding = 4; lastKnownFileType = sourcecode.swift; path = HirobaContainerViewController.swift; sourceTree = "<group>"; };
		085FB0601DB5941D00A40B85 /* TimeLineViewCell.swift */ = {isa = PBXFileReference; fileEncoding = 4; lastKnownFileType = sourcecode.swift; path = TimeLineViewCell.swift; sourceTree = "<group>"; };
		085FB0611DB5941D00A40B85 /* TimeLineViewCell.xib */ = {isa = PBXFileReference; fileEncoding = 4; lastKnownFileType = file.xib; path = TimeLineViewCell.xib; sourceTree = "<group>"; };
		085FB0641DB65C9200A40B85 /* TimeLineViewController.swift */ = {isa = PBXFileReference; fileEncoding = 4; lastKnownFileType = sourcecode.swift; path = TimeLineViewController.swift; sourceTree = "<group>"; };
		085FB0661DB65D1B00A40B85 /* TimeLineDataSource.swift */ = {isa = PBXFileReference; fileEncoding = 4; lastKnownFileType = sourcecode.swift; path = TimeLineDataSource.swift; sourceTree = "<group>"; };
		085FB0681DB7817F00A40B85 /* TimeLineDetailViewController.swift */ = {isa = PBXFileReference; fileEncoding = 4; lastKnownFileType = sourcecode.swift; path = TimeLineDetailViewController.swift; sourceTree = "<group>"; };
		085FB06A1DB7820100A40B85 /* TimeLineDetailDataSource.swift */ = {isa = PBXFileReference; fileEncoding = 4; lastKnownFileType = sourcecode.swift; path = TimeLineDetailDataSource.swift; sourceTree = "<group>"; };
		085FB06C1DB7830000A40B85 /* TimeLineCommentCell.swift */ = {isa = PBXFileReference; fileEncoding = 4; lastKnownFileType = sourcecode.swift; path = TimeLineCommentCell.swift; sourceTree = "<group>"; };
		085FB06D1DB7830000A40B85 /* TimeLineCommentCell.xib */ = {isa = PBXFileReference; fileEncoding = 4; lastKnownFileType = file.xib; path = TimeLineCommentCell.xib; sourceTree = "<group>"; };
		085FB0711DB78C1700A40B85 /* CategorySelectedProtocol.swift */ = {isa = PBXFileReference; fileEncoding = 4; lastKnownFileType = sourcecode.swift; path = CategorySelectedProtocol.swift; sourceTree = "<group>"; };
		0864CE7F1DC95ED10087A69E /* RestaurantDetailTopImageCell.swift */ = {isa = PBXFileReference; fileEncoding = 4; lastKnownFileType = sourcecode.swift; path = RestaurantDetailTopImageCell.swift; sourceTree = "<group>"; };
		0864CE801DC95ED10087A69E /* RestaurantDetailTopImageCell.xib */ = {isa = PBXFileReference; fileEncoding = 4; lastKnownFileType = file.xib; path = RestaurantDetailTopImageCell.xib; sourceTree = "<group>"; };
		0864CE831DC9C2550087A69E /* RestaurantDetailCell.swift */ = {isa = PBXFileReference; fileEncoding = 4; lastKnownFileType = sourcecode.swift; path = RestaurantDetailCell.swift; sourceTree = "<group>"; };
		0864CE841DC9C2550087A69E /* RestaurantDetailCell.xib */ = {isa = PBXFileReference; fileEncoding = 4; lastKnownFileType = file.xib; path = RestaurantDetailCell.xib; sourceTree = "<group>"; };
		0864CE871DC9FB690087A69E /* RestaurantDetailCategoryBarViewController.swift */ = {isa = PBXFileReference; fileEncoding = 4; lastKnownFileType = sourcecode.swift; path = RestaurantDetailCategoryBarViewController.swift; sourceTree = "<group>"; };
		0864CE891DC9FBD10087A69E /* RestaurantDetailPageViewController.swift */ = {isa = PBXFileReference; fileEncoding = 4; lastKnownFileType = sourcecode.swift; path = RestaurantDetailPageViewController.swift; sourceTree = "<group>"; };
		0864CE8B1DC9FC190087A69E /* RestaurantDetailContentViewController.swift */ = {isa = PBXFileReference; fileEncoding = 4; lastKnownFileType = sourcecode.swift; path = RestaurantDetailContentViewController.swift; sourceTree = "<group>"; };
		087684C61DB985660084400D /* PageContentSettings.swift */ = {isa = PBXFileReference; fileEncoding = 4; lastKnownFileType = sourcecode.swift; path = PageContentSettings.swift; sourceTree = "<group>"; };
		08B69FE71DB2021500BECF77 /* HirobaLayout.swift */ = {isa = PBXFileReference; fileEncoding = 4; lastKnownFileType = sourcecode.swift; path = HirobaLayout.swift; sourceTree = "<group>"; };
		08FE39151DC9FF3C0026C01D /* RestaurantDetailPageDataSource.swift */ = {isa = PBXFileReference; fileEncoding = 4; lastKnownFileType = sourcecode.swift; path = RestaurantDetailPageDataSource.swift; sourceTree = "<group>"; };
		08FE39171DCA040F0026C01D /* RestaurantDetailTableViewDataSource.swift */ = {isa = PBXFileReference; fileEncoding = 4; lastKnownFileType = sourcecode.swift; path = RestaurantDetailTableViewDataSource.swift; sourceTree = "<group>"; };
/* End PBXFileReference section */

/* Begin PBXFrameworksBuildPhase section */
		081B2EE01DACEB3F00257BDE /* Frameworks */ = {
			isa = PBXFrameworksBuildPhase;
			buildActionMask = 2147483647;
			files = (
			);
			runOnlyForDeploymentPostprocessing = 0;
		};
		081B2EF41DACEB3F00257BDE /* Frameworks */ = {
			isa = PBXFrameworksBuildPhase;
			buildActionMask = 2147483647;
			files = (
			);
			runOnlyForDeploymentPostprocessing = 0;
		};
		081B2EFF1DACEB3F00257BDE /* Frameworks */ = {
			isa = PBXFrameworksBuildPhase;
			buildActionMask = 2147483647;
			files = (
			);
			runOnlyForDeploymentPostprocessing = 0;
		};
/* End PBXFrameworksBuildPhase section */

/* Begin PBXGroup section */
		081B2EDA1DACEB3F00257BDE = {
			isa = PBXGroup;
			children = (
				081B2EE51DACEB3F00257BDE /* Darwin_ios */,
				081B2EFA1DACEB3F00257BDE /* Darwin_iosTests */,
				081B2F051DACEB3F00257BDE /* Darwin_iosUITests */,
				081B2EE41DACEB3F00257BDE /* Products */,
			);
			sourceTree = "<group>";
		};
		081B2EE41DACEB3F00257BDE /* Products */ = {
			isa = PBXGroup;
			children = (
				081B2EE31DACEB3F00257BDE /* Darwin_ios.app */,
				081B2EF71DACEB3F00257BDE /* Darwin_iosTests.xctest */,
				081B2F021DACEB3F00257BDE /* Darwin_iosUITests.xctest */,
			);
			name = Products;
			sourceTree = "<group>";
		};
		081B2EE51DACEB3F00257BDE /* Darwin_ios */ = {
			isa = PBXGroup;
			children = (
				081B2F161DACF0F800257BDE /* Resource */,
				081B2F1D1DACF33E00257BDE /* Settings */,
				081B2F151DACF0F300257BDE /* Source */,
			);
			path = Darwin_ios;
			sourceTree = "<group>";
		};
		081B2EFA1DACEB3F00257BDE /* Darwin_iosTests */ = {
			isa = PBXGroup;
			children = (
				081B2EFB1DACEB3F00257BDE /* Darwin_iosTests.swift */,
				081B2EFD1DACEB3F00257BDE /* Info.plist */,
			);
			path = Darwin_iosTests;
			sourceTree = "<group>";
		};
		081B2F051DACEB3F00257BDE /* Darwin_iosUITests */ = {
			isa = PBXGroup;
			children = (
				081B2F061DACEB3F00257BDE /* Darwin_iosUITests.swift */,
				081B2F081DACEB3F00257BDE /* Info.plist */,
			);
			path = Darwin_iosUITests;
			sourceTree = "<group>";
		};
		081B2F151DACF0F300257BDE /* Source */ = {
			isa = PBXGroup;
			children = (
				081B2F191DACF1A000257BDE /* Controllers */,
				081B2F181DACF19300257BDE /* Models */,
				081B2F2C1DADA70D00257BDE /* Others */,
				085FB0701DB78BE900A40B85 /* Protocols */,
				081B2F1B1DACF1C000257BDE /* Services */,
				081B2F1A1DACF1B000257BDE /* Utilities */,
				083F41751DC0B6930026165C /* ViewModels */,
				081B2F171DACF11300257BDE /* Views */,
				081B2EE61DACEB3F00257BDE /* AppDelegate.swift */,
			);
			path = Source;
			sourceTree = "<group>";
		};
		081B2F161DACF0F800257BDE /* Resource */ = {
			isa = PBXGroup;
			children = (
				081B2F1C1DACF32C00257BDE /* Images */,
			);
			path = Resource;
			sourceTree = "<group>";
		};
		081B2F171DACF11300257BDE /* Views */ = {
			isa = PBXGroup;
			children = (
				08509FB21DD08A10008568AA /* Common */,
				0864CE921DC9FCB00087A69E /* Hiroba */,
				0864CE911DC9FC9B0087A69E /* Home */,
				0864CE941DC9FCCC0087A69E /* Restaurant */,
				0864CE931DC9FCC30087A69E /* TimeLine */,
				081B2EEF1DACEB3F00257BDE /* LaunchScreen.storyboard */,
				081B2EEA1DACEB3F00257BDE /* Main.storyboard */,
			);
			path = Views;
			sourceTree = "<group>";
		};
		081B2F181DACF19300257BDE /* Models */ = {
			isa = PBXGroup;
			children = (
				081B2F251DACFDCA00257BDE /* TestData */,
			);
			path = Models;
			sourceTree = "<group>";
		};
		081B2F191DACF1A000257BDE /* Controllers */ = {
			isa = PBXGroup;
			children = (
				0864CE8F1DC9FC730087A69E /* Hiroba */,
				0864CE8D1DC9FC4B0087A69E /* Home */,
				0864CE8E1DC9FC5F0087A69E /* Restaurant */,
				0864CE901DC9FC7B0087A69E /* TimeLine */,
			);
			path = Controllers;
			sourceTree = "<group>";
		};
		081B2F1A1DACF1B000257BDE /* Utilities */ = {
			isa = PBXGroup;
			children = (
				087684C61DB985660084400D /* PageContentSettings.swift */,
			);
			path = Utilities;
			sourceTree = "<group>";
		};
		081B2F1B1DACF1C000257BDE /* Services */ = {
			isa = PBXGroup;
			children = (
			);
			path = Services;
			sourceTree = "<group>";
		};
		081B2F1C1DACF32C00257BDE /* Images */ = {
			isa = PBXGroup;
			children = (
				081B2EED1DACEB3F00257BDE /* Assets.xcassets */,
			);
			path = Images;
			sourceTree = "<group>";
		};
		081B2F1D1DACF33E00257BDE /* Settings */ = {
			isa = PBXGroup;
			children = (
				081B2EF21DACEB3F00257BDE /* Info.plist */,
			);
			path = Settings;
			sourceTree = "<group>";
		};
		081B2F251DACFDCA00257BDE /* TestData */ = {
			isa = PBXGroup;
			children = (
				081B2F261DACFDE100257BDE /* TestData.swift */,
			);
			path = TestData;
			sourceTree = "<group>";
		};
		081B2F2C1DADA70D00257BDE /* Others */ = {
			isa = PBXGroup;
			children = (
				08B69FE71DB2021500BECF77 /* HirobaLayout.swift */,
				08509FAC1DCF6FCC008568AA /* ResDetailLayout.swift */,
				083F41761DC16DFD0026165C /* ViewAttributes.swift */,
				083F41731DC0AE660026165C /* ViewIdentifiers.swift */,
			);
			path = Others;
			sourceTree = "<group>";
		};
		083F41751DC0B6930026165C /* ViewModels */ = {
			isa = PBXGroup;
			children = (
				08FE39121DC9FEF00026C01D /* Hiroba */,
				08FE39111DC9FEEC0026C01D /* Home */,
				08FE39141DC9FF150026C01D /* Restaurant */,
				08FE39131DC9FEF60026C01D /* TimeLine */,
			);
			path = ViewModels;
			sourceTree = "<group>";
		};
		08509FB21DD08A10008568AA /* Common */ = {
			isa = PBXGroup;
			children = (
				08509FB51DD08A66008568AA /* LabelOnlyCell.swift */,
				08509FB61DD08A66008568AA /* LabelOnlyCell.xib */,
			);
			path = Common;
			sourceTree = "<group>";
		};
		085FB0701DB78BE900A40B85 /* Protocols */ = {
			isa = PBXGroup;
			children = (
				085FB0711DB78C1700A40B85 /* CategorySelectedProtocol.swift */,
			);
			path = Protocols;
			sourceTree = "<group>";
		};
		0864CE8D1DC9FC4B0087A69E /* Home */ = {
			isa = PBXGroup;
			children = (
				081B2F201DACFACA00257BDE /* CategoryBarViewController.swift */,
				081B2F1E1DACF6B600257BDE /* HomeContainerViewController.swift */,
				0840B1E11DAF9480007FC49A /* HomeContentPageViewController.swift */,
				081B2F2A1DADA5AF00257BDE /* HomeContentViewController.swift */,
			);
			path = Home;
			sourceTree = "<group>";
		};
		0864CE8E1DC9FC5F0087A69E /* Restaurant */ = {
			isa = PBXGroup;
			children = (
				08509FB91DD0981D008568AA /* DetailBottomBarViewController.swift */,
				0864CE871DC9FB690087A69E /* RestaurantDetailCategoryBarViewController.swift */,
				0840B1E51DB09267007FC49A /* RestaurantDetailContainerViewController.swift */,
				0864CE8B1DC9FC190087A69E /* RestaurantDetailContentViewController.swift */,
				0864CE891DC9FBD10087A69E /* RestaurantDetailPageViewController.swift */,
			);
			path = Restaurant;
			sourceTree = "<group>";
		};
		0864CE8F1DC9FC730087A69E /* Hiroba */ = {
			isa = PBXGroup;
			children = (
				085FB05E1DB4E81A00A40B85 /* HirobaContainerViewController.swift */,
				0840B1E71DB1E50C007FC49A /* HirobaViewController.swift */,
			);
			path = Hiroba;
			sourceTree = "<group>";
		};
		0864CE901DC9FC7B0087A69E /* TimeLine */ = {
			isa = PBXGroup;
			children = (
				085FB0681DB7817F00A40B85 /* TimeLineDetailViewController.swift */,
				085FB0641DB65C9200A40B85 /* TimeLineViewController.swift */,
			);
			path = TimeLine;
			sourceTree = "<group>";
		};
		0864CE911DC9FC9B0087A69E /* Home */ = {
			isa = PBXGroup;
			children = (
				081B2F281DACFEC800257BDE /* CategoryBarCell.swift */,
				081B2F2F1DADA8F700257BDE /* HomeContentCell.swift */,
				081B2F301DADA8F700257BDE /* HomeContentCell.xib */,
			);
			path = Home;
			sourceTree = "<group>";
		};
		0864CE921DC9FCB00087A69E /* Hiroba */ = {
			isa = PBXGroup;
			children = (
				0840B1EB1DB1E7E3007FC49A /* HirobaImageCell.swift */,
				0840B1EC1DB1E7E3007FC49A /* HirobaImageCell.xib */,
			);
			path = Hiroba;
			sourceTree = "<group>";
		};
		0864CE931DC9FCC30087A69E /* TimeLine */ = {
			isa = PBXGroup;
			children = (
				085FB06C1DB7830000A40B85 /* TimeLineCommentCell.swift */,
				085FB06D1DB7830000A40B85 /* TimeLineCommentCell.xib */,
				085FB0601DB5941D00A40B85 /* TimeLineViewCell.swift */,
				085FB0611DB5941D00A40B85 /* TimeLineViewCell.xib */,
			);
			path = TimeLine;
			sourceTree = "<group>";
		};
		0864CE941DC9FCCC0087A69E /* Restaurant */ = {
			isa = PBXGroup;
			children = (
				0836DA891DD1495700CAE82F /* DetailTableViewCell.swift */,
				0836DA851DD1487F00CAE82F /* ImageCollectionCell.swift */,
				0836DA861DD1487F00CAE82F /* ImageCollectionCell.xib */,
				0864CE831DC9C2550087A69E /* RestaurantDetailCell.swift */,
				0864CE841DC9C2550087A69E /* RestaurantDetailCell.xib */,
				0864CE7F1DC95ED10087A69E /* RestaurantDetailTopImageCell.swift */,
				0864CE801DC95ED10087A69E /* RestaurantDetailTopImageCell.xib */,
			);
			path = Restaurant;
			sourceTree = "<group>";
		};
		08FE39111DC9FEEC0026C01D /* Home */ = {
			isa = PBXGroup;
			children = (
				081B2F221DACFB9D00257BDE /* CategoryBarDataSource.swift */,
				0840B1E31DAF9508007FC49A /* ContentPageViewDataSource.swift */,
				081B2F2D1DADA73400257BDE /* HomeContentDataSource.swift */,
			);
			path = Home;
			sourceTree = "<group>";
		};
		08FE39121DC9FEF00026C01D /* Hiroba */ = {
			isa = PBXGroup;
			children = (
				0840B1E91DB1E676007FC49A /* HirobaDataSource.swift */,
			);
			path = Hiroba;
			sourceTree = "<group>";
		};
		08FE39131DC9FEF60026C01D /* TimeLine */ = {
			isa = PBXGroup;
			children = (
				085FB0661DB65D1B00A40B85 /* TimeLineDataSource.swift */,
				085FB06A1DB7820100A40B85 /* TimeLineDetailDataSource.swift */,
			);
			path = TimeLine;
			sourceTree = "<group>";
		};
		08FE39141DC9FF150026C01D /* Restaurant */ = {
			isa = PBXGroup;
			children = (
				0836DA8B1DD149F000CAE82F /* ImageCollectionDataSource.swift */,
				08509FB01DD08510008568AA /* RestaurantDetailCategoryCollectionDataSource.swift */,
				08FE39151DC9FF3C0026C01D /* RestaurantDetailPageDataSource.swift */,
				08FE39171DCA040F0026C01D /* RestaurantDetailTableViewDataSource.swift */,
			);
			path = Restaurant;
			sourceTree = "<group>";
		};
/* End PBXGroup section */

/* Begin PBXNativeTarget section */
		081B2EE21DACEB3F00257BDE /* Darwin_ios */ = {
			isa = PBXNativeTarget;
			buildConfigurationList = 081B2F0B1DACEB3F00257BDE /* Build configuration list for PBXNativeTarget "Darwin_ios" */;
			buildPhases = (
				081B2EDF1DACEB3F00257BDE /* Sources */,
				081B2EE01DACEB3F00257BDE /* Frameworks */,
				081B2EE11DACEB3F00257BDE /* Resources */,
			);
			buildRules = (
			);
			dependencies = (
			);
			name = Darwin_ios;
			productName = Darwin_ios;
			productReference = 081B2EE31DACEB3F00257BDE /* Darwin_ios.app */;
			productType = "com.apple.product-type.application";
		};
		081B2EF61DACEB3F00257BDE /* Darwin_iosTests */ = {
			isa = PBXNativeTarget;
			buildConfigurationList = 081B2F0E1DACEB3F00257BDE /* Build configuration list for PBXNativeTarget "Darwin_iosTests" */;
			buildPhases = (
				081B2EF31DACEB3F00257BDE /* Sources */,
				081B2EF41DACEB3F00257BDE /* Frameworks */,
				081B2EF51DACEB3F00257BDE /* Resources */,
			);
			buildRules = (
			);
			dependencies = (
				081B2EF91DACEB3F00257BDE /* PBXTargetDependency */,
			);
			name = Darwin_iosTests;
			productName = Darwin_iosTests;
			productReference = 081B2EF71DACEB3F00257BDE /* Darwin_iosTests.xctest */;
			productType = "com.apple.product-type.bundle.unit-test";
		};
		081B2F011DACEB3F00257BDE /* Darwin_iosUITests */ = {
			isa = PBXNativeTarget;
			buildConfigurationList = 081B2F111DACEB3F00257BDE /* Build configuration list for PBXNativeTarget "Darwin_iosUITests" */;
			buildPhases = (
				081B2EFE1DACEB3F00257BDE /* Sources */,
				081B2EFF1DACEB3F00257BDE /* Frameworks */,
				081B2F001DACEB3F00257BDE /* Resources */,
			);
			buildRules = (
			);
			dependencies = (
				081B2F041DACEB3F00257BDE /* PBXTargetDependency */,
			);
			name = Darwin_iosUITests;
			productName = Darwin_iosUITests;
			productReference = 081B2F021DACEB3F00257BDE /* Darwin_iosUITests.xctest */;
			productType = "com.apple.product-type.bundle.ui-testing";
		};
/* End PBXNativeTarget section */

/* Begin PBXProject section */
		081B2EDB1DACEB3F00257BDE /* Project object */ = {
			isa = PBXProject;
			attributes = {
				LastSwiftUpdateCheck = 0730;
				LastUpgradeCheck = 0730;
				ORGANIZATIONNAME = HHFactory;
				TargetAttributes = {
					081B2EE21DACEB3F00257BDE = {
						CreatedOnToolsVersion = 7.3.1;
					};
					081B2EF61DACEB3F00257BDE = {
						CreatedOnToolsVersion = 7.3.1;
						TestTargetID = 081B2EE21DACEB3F00257BDE;
					};
					081B2F011DACEB3F00257BDE = {
						CreatedOnToolsVersion = 7.3.1;
						TestTargetID = 081B2EE21DACEB3F00257BDE;
					};
				};
			};
			buildConfigurationList = 081B2EDE1DACEB3F00257BDE /* Build configuration list for PBXProject "Darwin_ios" */;
			compatibilityVersion = "Xcode 3.2";
			developmentRegion = English;
			hasScannedForEncodings = 0;
			knownRegions = (
				en,
				Base,
			);
			mainGroup = 081B2EDA1DACEB3F00257BDE;
			productRefGroup = 081B2EE41DACEB3F00257BDE /* Products */;
			projectDirPath = "";
			projectRoot = "";
			targets = (
				081B2EE21DACEB3F00257BDE /* Darwin_ios */,
				081B2EF61DACEB3F00257BDE /* Darwin_iosTests */,
				081B2F011DACEB3F00257BDE /* Darwin_iosUITests */,
			);
		};
/* End PBXProject section */

/* Begin PBXResourcesBuildPhase section */
		081B2EE11DACEB3F00257BDE /* Resources */ = {
			isa = PBXResourcesBuildPhase;
			buildActionMask = 2147483647;
			files = (
				0836DA881DD1487F00CAE82F /* ImageCollectionCell.xib in Resources */,
				08509FB81DD08A66008568AA /* LabelOnlyCell.xib in Resources */,
				081B2F321DADA8F700257BDE /* HomeContentCell.xib in Resources */,
				081B2EF11DACEB3F00257BDE /* LaunchScreen.storyboard in Resources */,
				0864CE861DC9C2550087A69E /* RestaurantDetailCell.xib in Resources */,
				0864CE821DC95ED10087A69E /* RestaurantDetailTopImageCell.xib in Resources */,
				0840B1EE1DB1E7E3007FC49A /* HirobaImageCell.xib in Resources */,
				081B2EEE1DACEB3F00257BDE /* Assets.xcassets in Resources */,
				085FB06F1DB7830000A40B85 /* TimeLineCommentCell.xib in Resources */,
				081B2EEC1DACEB3F00257BDE /* Main.storyboard in Resources */,
				085FB0631DB5941D00A40B85 /* TimeLineViewCell.xib in Resources */,
			);
			runOnlyForDeploymentPostprocessing = 0;
		};
		081B2EF51DACEB3F00257BDE /* Resources */ = {
			isa = PBXResourcesBuildPhase;
			buildActionMask = 2147483647;
			files = (
			);
			runOnlyForDeploymentPostprocessing = 0;
		};
		081B2F001DACEB3F00257BDE /* Resources */ = {
			isa = PBXResourcesBuildPhase;
			buildActionMask = 2147483647;
			files = (
			);
			runOnlyForDeploymentPostprocessing = 0;
		};
/* End PBXResourcesBuildPhase section */

/* Begin PBXSourcesBuildPhase section */
		081B2EDF1DACEB3F00257BDE /* Sources */ = {
			isa = PBXSourcesBuildPhase;
			buildActionMask = 2147483647;
			files = (
				08B69FE81DB2021500BECF77 /* HirobaLayout.swift in Sources */,
				08509FB11DD08510008568AA /* RestaurantDetailCategoryCollectionDataSource.swift in Sources */,
				08509FAD1DCF6FCC008568AA /* ResDetailLayout.swift in Sources */,
				0864CE851DC9C2550087A69E /* RestaurantDetailCell.swift in Sources */,
				085FB0671DB65D1B00A40B85 /* TimeLineDataSource.swift in Sources */,
				081B2F2B1DADA5AF00257BDE /* HomeContentViewController.swift in Sources */,
				081B2F231DACFB9D00257BDE /* CategoryBarDataSource.swift in Sources */,
				085FB0651DB65C9200A40B85 /* TimeLineViewController.swift in Sources */,
				08FE39161DC9FF3C0026C01D /* RestaurantDetailPageDataSource.swift in Sources */,
				085FB0621DB5941D00A40B85 /* TimeLineViewCell.swift in Sources */,
				083F41771DC16DFD0026165C /* ViewAttributes.swift in Sources */,
				087684C71DB985660084400D /* PageContentSettings.swift in Sources */,
				08FE39181DCA040F0026C01D /* RestaurantDetailTableViewDataSource.swift in Sources */,
				083F41741DC0AE660026165C /* ViewIdentifiers.swift in Sources */,
				085FB0691DB7817F00A40B85 /* TimeLineDetailViewController.swift in Sources */,
				0836DA871DD1487F00CAE82F /* ImageCollectionCell.swift in Sources */,
				085FB06E1DB7830000A40B85 /* TimeLineCommentCell.swift in Sources */,
				081B2F291DACFEC800257BDE /* CategoryBarCell.swift in Sources */,
				0836DA8C1DD149F000CAE82F /* ImageCollectionDataSource.swift in Sources */,
				0836DA8A1DD1495700CAE82F /* DetailTableViewCell.swift in Sources */,
				081B2EE71DACEB3F00257BDE /* AppDelegate.swift in Sources */,
				081B2F1F1DACF6B600257BDE /* HomeContainerViewController.swift in Sources */,
				085FB05F1DB4E81A00A40B85 /* HirobaContainerViewController.swift in Sources */,
				081B2F2E1DADA73400257BDE /* HomeContentDataSource.swift in Sources */,
				08509FB71DD08A66008568AA /* LabelOnlyCell.swift in Sources */,
				0840B1E61DB09267007FC49A /* RestaurantDetailContainerViewController.swift in Sources */,
				0840B1E81DB1E50C007FC49A /* HirobaViewController.swift in Sources */,
				0840B1E41DAF9508007FC49A /* ContentPageViewDataSource.swift in Sources */,
				08509FBA1DD0981D008568AA /* DetailBottomBarViewController.swift in Sources */,
				081B2F311DADA8F700257BDE /* HomeContentCell.swift in Sources */,
				081B2F271DACFDE100257BDE /* TestData.swift in Sources */,
				0864CE881DC9FB690087A69E /* RestaurantDetailCategoryBarViewController.swift in Sources */,
				0864CE8A1DC9FBD10087A69E /* RestaurantDetailPageViewController.swift in Sources */,
				0840B1EA1DB1E676007FC49A /* HirobaDataSource.swift in Sources */,
				0840B1E21DAF9480007FC49A /* HomeContentPageViewController.swift in Sources */,
				081B2F211DACFACA00257BDE /* CategoryBarViewController.swift in Sources */,
				085FB0721DB78C1700A40B85 /* CategorySelectedProtocol.swift in Sources */,
				0864CE8C1DC9FC190087A69E /* RestaurantDetailContentViewController.swift in Sources */,
				085FB06B1DB7820100A40B85 /* TimeLineDetailDataSource.swift in Sources */,
				0864CE811DC95ED10087A69E /* RestaurantDetailTopImageCell.swift in Sources */,
				0840B1ED1DB1E7E3007FC49A /* HirobaImageCell.swift in Sources */,
			);
			runOnlyForDeploymentPostprocessing = 0;
		};
		081B2EF31DACEB3F00257BDE /* Sources */ = {
			isa = PBXSourcesBuildPhase;
			buildActionMask = 2147483647;
			files = (
				081B2EFC1DACEB3F00257BDE /* Darwin_iosTests.swift in Sources */,
			);
			runOnlyForDeploymentPostprocessing = 0;
		};
		081B2EFE1DACEB3F00257BDE /* Sources */ = {
			isa = PBXSourcesBuildPhase;
			buildActionMask = 2147483647;
			files = (
				081B2F071DACEB3F00257BDE /* Darwin_iosUITests.swift in Sources */,
			);
			runOnlyForDeploymentPostprocessing = 0;
		};
/* End PBXSourcesBuildPhase section */

/* Begin PBXTargetDependency section */
		081B2EF91DACEB3F00257BDE /* PBXTargetDependency */ = {
			isa = PBXTargetDependency;
			target = 081B2EE21DACEB3F00257BDE /* Darwin_ios */;
			targetProxy = 081B2EF81DACEB3F00257BDE /* PBXContainerItemProxy */;
		};
		081B2F041DACEB3F00257BDE /* PBXTargetDependency */ = {
			isa = PBXTargetDependency;
			target = 081B2EE21DACEB3F00257BDE /* Darwin_ios */;
			targetProxy = 081B2F031DACEB3F00257BDE /* PBXContainerItemProxy */;
		};
/* End PBXTargetDependency section */

/* Begin PBXVariantGroup section */
		081B2EEA1DACEB3F00257BDE /* Main.storyboard */ = {
			isa = PBXVariantGroup;
			children = (
				081B2EEB1DACEB3F00257BDE /* Base */,
			);
			name = Main.storyboard;
			path = .;
			sourceTree = "<group>";
		};
		081B2EEF1DACEB3F00257BDE /* LaunchScreen.storyboard */ = {
			isa = PBXVariantGroup;
			children = (
				081B2EF01DACEB3F00257BDE /* Base */,
			);
			name = LaunchScreen.storyboard;
			path = .;
			sourceTree = "<group>";
		};
/* End PBXVariantGroup section */

/* Begin XCBuildConfiguration section */
		081B2F091DACEB3F00257BDE /* Debug */ = {
			isa = XCBuildConfiguration;
			buildSettings = {
				ALWAYS_SEARCH_USER_PATHS = NO;
				CLANG_ANALYZER_NONNULL = YES;
				CLANG_CXX_LANGUAGE_STANDARD = "gnu++0x";
				CLANG_CXX_LIBRARY = "libc++";
				CLANG_ENABLE_MODULES = YES;
				CLANG_ENABLE_OBJC_ARC = YES;
				CLANG_WARN_BOOL_CONVERSION = YES;
				CLANG_WARN_CONSTANT_CONVERSION = YES;
				CLANG_WARN_DIRECT_OBJC_ISA_USAGE = YES_ERROR;
				CLANG_WARN_EMPTY_BODY = YES;
				CLANG_WARN_ENUM_CONVERSION = YES;
				CLANG_WARN_INT_CONVERSION = YES;
				CLANG_WARN_OBJC_ROOT_CLASS = YES_ERROR;
				CLANG_WARN_UNREACHABLE_CODE = YES;
				CLANG_WARN__DUPLICATE_METHOD_MATCH = YES;
				"CODE_SIGN_IDENTITY[sdk=iphoneos*]" = "iPhone Developer";
				COPY_PHASE_STRIP = NO;
				DEBUG_INFORMATION_FORMAT = dwarf;
				ENABLE_STRICT_OBJC_MSGSEND = YES;
				ENABLE_TESTABILITY = YES;
				GCC_C_LANGUAGE_STANDARD = gnu99;
				GCC_DYNAMIC_NO_PIC = NO;
				GCC_NO_COMMON_BLOCKS = YES;
				GCC_OPTIMIZATION_LEVEL = 0;
				GCC_PREPROCESSOR_DEFINITIONS = (
					"DEBUG=1",
					"$(inherited)",
				);
				GCC_WARN_64_TO_32_BIT_CONVERSION = YES;
				GCC_WARN_ABOUT_RETURN_TYPE = YES_ERROR;
				GCC_WARN_UNDECLARED_SELECTOR = YES;
				GCC_WARN_UNINITIALIZED_AUTOS = YES_AGGRESSIVE;
				GCC_WARN_UNUSED_FUNCTION = YES;
				GCC_WARN_UNUSED_VARIABLE = YES;
				IPHONEOS_DEPLOYMENT_TARGET = 9.3;
				MTL_ENABLE_DEBUG_INFO = YES;
				ONLY_ACTIVE_ARCH = YES;
				SDKROOT = iphoneos;
				SWIFT_OPTIMIZATION_LEVEL = "-Onone";
			};
			name = Debug;
		};
		081B2F0A1DACEB3F00257BDE /* Release */ = {
			isa = XCBuildConfiguration;
			buildSettings = {
				ALWAYS_SEARCH_USER_PATHS = NO;
				CLANG_ANALYZER_NONNULL = YES;
				CLANG_CXX_LANGUAGE_STANDARD = "gnu++0x";
				CLANG_CXX_LIBRARY = "libc++";
				CLANG_ENABLE_MODULES = YES;
				CLANG_ENABLE_OBJC_ARC = YES;
				CLANG_WARN_BOOL_CONVERSION = YES;
				CLANG_WARN_CONSTANT_CONVERSION = YES;
				CLANG_WARN_DIRECT_OBJC_ISA_USAGE = YES_ERROR;
				CLANG_WARN_EMPTY_BODY = YES;
				CLANG_WARN_ENUM_CONVERSION = YES;
				CLANG_WARN_INT_CONVERSION = YES;
				CLANG_WARN_OBJC_ROOT_CLASS = YES_ERROR;
				CLANG_WARN_UNREACHABLE_CODE = YES;
				CLANG_WARN__DUPLICATE_METHOD_MATCH = YES;
				"CODE_SIGN_IDENTITY[sdk=iphoneos*]" = "iPhone Developer";
				COPY_PHASE_STRIP = NO;
				DEBUG_INFORMATION_FORMAT = "dwarf-with-dsym";
				ENABLE_NS_ASSERTIONS = NO;
				ENABLE_STRICT_OBJC_MSGSEND = YES;
				GCC_C_LANGUAGE_STANDARD = gnu99;
				GCC_NO_COMMON_BLOCKS = YES;
				GCC_WARN_64_TO_32_BIT_CONVERSION = YES;
				GCC_WARN_ABOUT_RETURN_TYPE = YES_ERROR;
				GCC_WARN_UNDECLARED_SELECTOR = YES;
				GCC_WARN_UNINITIALIZED_AUTOS = YES_AGGRESSIVE;
				GCC_WARN_UNUSED_FUNCTION = YES;
				GCC_WARN_UNUSED_VARIABLE = YES;
				IPHONEOS_DEPLOYMENT_TARGET = 9.3;
				MTL_ENABLE_DEBUG_INFO = NO;
				SDKROOT = iphoneos;
				VALIDATE_PRODUCT = YES;
			};
			name = Release;
		};
		081B2F0C1DACEB3F00257BDE /* Debug */ = {
			isa = XCBuildConfiguration;
			buildSettings = {
				ASSETCATALOG_COMPILER_APPICON_NAME = AppIcon;
				INFOPLIST_FILE = Darwin_ios/Settings/Info.plist;
				LD_RUNPATH_SEARCH_PATHS = "$(inherited) @executable_path/Frameworks";
				PRODUCT_BUNDLE_IDENTIFIER = "HHFactory.Darwin-ios";
				PRODUCT_NAME = "$(TARGET_NAME)";
			};
			name = Debug;
		};
		081B2F0D1DACEB3F00257BDE /* Release */ = {
			isa = XCBuildConfiguration;
			buildSettings = {
				ASSETCATALOG_COMPILER_APPICON_NAME = AppIcon;
				INFOPLIST_FILE = Darwin_ios/Settings/Info.plist;
				LD_RUNPATH_SEARCH_PATHS = "$(inherited) @executable_path/Frameworks";
				PRODUCT_BUNDLE_IDENTIFIER = "HHFactory.Darwin-ios";
				PRODUCT_NAME = "$(TARGET_NAME)";
			};
			name = Release;
		};
		081B2F0F1DACEB3F00257BDE /* Debug */ = {
			isa = XCBuildConfiguration;
			buildSettings = {
				BUNDLE_LOADER = "$(TEST_HOST)";
				INFOPLIST_FILE = Darwin_iosTests/Info.plist;
				LD_RUNPATH_SEARCH_PATHS = "$(inherited) @executable_path/Frameworks @loader_path/Frameworks";
				PRODUCT_BUNDLE_IDENTIFIER = "HHFactory.Darwin-iosTests";
				PRODUCT_NAME = "$(TARGET_NAME)";
				TEST_HOST = "$(BUILT_PRODUCTS_DIR)/Darwin_ios.app/Darwin_ios";
			};
			name = Debug;
		};
		081B2F101DACEB3F00257BDE /* Release */ = {
			isa = XCBuildConfiguration;
			buildSettings = {
				BUNDLE_LOADER = "$(TEST_HOST)";
				INFOPLIST_FILE = Darwin_iosTests/Info.plist;
				LD_RUNPATH_SEARCH_PATHS = "$(inherited) @executable_path/Frameworks @loader_path/Frameworks";
				PRODUCT_BUNDLE_IDENTIFIER = "HHFactory.Darwin-iosTests";
				PRODUCT_NAME = "$(TARGET_NAME)";
				TEST_HOST = "$(BUILT_PRODUCTS_DIR)/Darwin_ios.app/Darwin_ios";
			};
			name = Release;
		};
		081B2F121DACEB3F00257BDE /* Debug */ = {
			isa = XCBuildConfiguration;
			buildSettings = {
				INFOPLIST_FILE = Darwin_iosUITests/Info.plist;
				LD_RUNPATH_SEARCH_PATHS = "$(inherited) @executable_path/Frameworks @loader_path/Frameworks";
				PRODUCT_BUNDLE_IDENTIFIER = "HHFactory.Darwin-iosUITests";
				PRODUCT_NAME = "$(TARGET_NAME)";
				TEST_TARGET_NAME = Darwin_ios;
			};
			name = Debug;
		};
		081B2F131DACEB3F00257BDE /* Release */ = {
			isa = XCBuildConfiguration;
			buildSettings = {
				INFOPLIST_FILE = Darwin_iosUITests/Info.plist;
				LD_RUNPATH_SEARCH_PATHS = "$(inherited) @executable_path/Frameworks @loader_path/Frameworks";
				PRODUCT_BUNDLE_IDENTIFIER = "HHFactory.Darwin-iosUITests";
				PRODUCT_NAME = "$(TARGET_NAME)";
				TEST_TARGET_NAME = Darwin_ios;
			};
			name = Release;
		};
/* End XCBuildConfiguration section */

/* Begin XCConfigurationList section */
		081B2EDE1DACEB3F00257BDE /* Build configuration list for PBXProject "Darwin_ios" */ = {
			isa = XCConfigurationList;
			buildConfigurations = (
				081B2F091DACEB3F00257BDE /* Debug */,
				081B2F0A1DACEB3F00257BDE /* Release */,
			);
			defaultConfigurationIsVisible = 0;
			defaultConfigurationName = Release;
		};
		081B2F0B1DACEB3F00257BDE /* Build configuration list for PBXNativeTarget "Darwin_ios" */ = {
			isa = XCConfigurationList;
			buildConfigurations = (
				081B2F0C1DACEB3F00257BDE /* Debug */,
				081B2F0D1DACEB3F00257BDE /* Release */,
			);
			defaultConfigurationIsVisible = 0;
			defaultConfigurationName = Release;
		};
		081B2F0E1DACEB3F00257BDE /* Build configuration list for PBXNativeTarget "Darwin_iosTests" */ = {
			isa = XCConfigurationList;
			buildConfigurations = (
				081B2F0F1DACEB3F00257BDE /* Debug */,
				081B2F101DACEB3F00257BDE /* Release */,
			);
			defaultConfigurationIsVisible = 0;
			defaultConfigurationName = Release;
		};
		081B2F111DACEB3F00257BDE /* Build configuration list for PBXNativeTarget "Darwin_iosUITests" */ = {
			isa = XCConfigurationList;
			buildConfigurations = (
				081B2F121DACEB3F00257BDE /* Debug */,
				081B2F131DACEB3F00257BDE /* Release */,
			);
			defaultConfigurationIsVisible = 0;
			defaultConfigurationName = Release;
		};
/* End XCConfigurationList section */
	};
	rootObject = 081B2EDB1DACEB3F00257BDE /* Project object */;
}
